{
    "_readme": [
        "This file locks the dependencies of your project to a known state",
        "Read more about it at https://getcomposer.org/doc/01-basic-usage.md#installing-dependencies",
        "This file is @generated automatically"
    ],
    "content-hash": "79aaf4b13d863024f3a2eeab779427b1",
    "packages": [
        {
            "name": "mehrdad-dadkhah/chunks-uploader",
            "version": "1.4.3",
            "source": {
                "type": "git",
                "url": "https://github.com/Mehrdad-Dadkhah/chunks-uploader.git",
                "reference": "e5bac74b0b54715524840af3cbd9c3f3a95fa27f"
            },
            "dist": {
                "type": "zip",
                "url": "https://api.github.com/repos/Mehrdad-Dadkhah/chunks-uploader/zipball/e5bac74b0b54715524840af3cbd9c3f3a95fa27f",
                "reference": "e5bac74b0b54715524840af3cbd9c3f3a95fa27f",
                "shasum": ""
            },
            "require": {
                "php": ">=5.5"
            },
            "type": "library",
            "autoload": {
                "psr-4": {
                    "MehrdadDadkhah\\Video\\": "src/"
                }
            },
            "notification-url": "https://packagist.org/downloads/",
            "license": [
                "GPL-3.0-only"
            ],
            "authors": [
                {
                    "name": "Mehrdad Dadkhah",
                    "email": "mehrdad@dadkhah.me"
                }
            ],
            "description": "upload chunks file. use to upload big files",
            "homepage": "https://github.com/Mehrdad-Dadkhah/chunks-uploader",
            "keywords": [
                "big_file",
                "chunks",
                "file",
                "fine_uploader",
                "flowjs_uploader",
                "server_uploader",
                "tus_uploader",
                "uploader",
                "video"
            ],
            "time": "2018-01-29T10:47:14+00:00"
        },
        {
            "name": "mehrdad-dadkhah/php-fine-uploader",
            "version": "1.3.0",
            "source": {
                "type": "git",
                "url": "https://github.com/Mehrdad-Dadkhah/php-fine-uploader.git",
                "reference": "7aaa4930cb717f21e9ad1322d3986b718303ae59"
            },
            "dist": {
                "type": "zip",
                "url": "https://api.github.com/repos/Mehrdad-Dadkhah/php-fine-uploader/zipball/7aaa4930cb717f21e9ad1322d3986b718303ae59",
                "reference": "7aaa4930cb717f21e9ad1322d3986b718303ae59",
                "shasum": ""
            },
            "require": {
                "mehrdad-dadkhah/chunks-uploader": "^1.2",
                "php": ">=7.0"
            },
            "type": "library",
            "autoload": {
                "psr-4": {
                    "MehrdadDadkhah\\Video\\": "src/"
                }
            },
            "notification-url": "https://packagist.org/downloads/",
            "license": [
                "GPLv3"
            ],
            "authors": [
                {
                    "name": "Mehrdad Dadkhah",
                    "email": "mehrdad@dadkhah.me"
                }
            ],
            "description": "upload chunks file. use to upload big files",
            "homepage": "https://github.com/Mehrdad-Dadkhah/php-fine-uploader",
            "keywords": [
                "big_file",
                "chunks",
                "file",
                "fine_uploader",
                "flowjs_uploader",
                "server_uploader",
                "tus_uploader",
                "uploader",
                "video"
            ],
            "time": "2017-09-26T13:34:31+00:00"
        }
    ],
    "packages-dev": [],
    "aliases": [],
    "minimum-stability": "stable",
    "stability-flags": [],
    "prefer-stable": true,
    "prefer-lowest": false,
    "platform": {
        "php": ">=5.4.0",
        "ext-sysvsem": "*"
    },
    "platform-dev": []
}
